{
  "requires": true,
  "lockfileVersion": 1,
  "dependencies": {
    "bootstrap-sass": {
      "version": "3.3.7",
      "resolved": "https://registry.npmjs.org/bootstrap-sass/-/bootstrap-sass-3.3.7.tgz",
      "integrity": "sha1-ZZbHq0D2Y3OTMjqwvIDQZPxjBJg=",
      "dev": true
    },
    "bulma-scss": {
      "version": "0.3.0-cc1",
      "resolved": "https://registry.npmjs.org/bulma-scss/-/bulma-scss-0.3.0-cc1.tgz",
      "integrity": "sha1-WT5po9vXu0tFGXBJRmOlSq3j8lo="
    },
    "gulp": {
      "version": "3.9.1",
      "resolved": "https://registry.npmjs.org/gulp/-/gulp-3.9.1.tgz",
      "integrity": "sha1-VxzkWSjdQK9lFPxAEYZgFsE4RbQ=",
      "dev": true
    },
    "jquery": {
      "version": "3.2.1",
      "resolved": "https://registry.npmjs.org/jquery/-/jquery-3.2.1.tgz",
      "integrity": "sha1-XE2d5lKvbNCncBVKYxu6ErAVx4c=",
      "dev": true
    },
    "js-cookie": {
      "version": "2.1.4",
      "resolved": "https://registry.npmjs.org/js-cookie/-/js-cookie-2.1.4.tgz",
      "integrity": "sha1-2k7FA4ZvFJ0WTPJfV57zEBUCXY0=",
      "dev": true
    },
    "laravel-elixir": {
      "version": "6.0.0-15",
      "resolved": "https://registry.npmjs.org/laravel-elixir/-/laravel-elixir-6.0.0-15.tgz",
      "integrity": "sha1-yx3C9JkcWiEoVe6cM3OWcrHzbIA=",
      "dev": true,
      "dependencies": {
        "glob": {
          "version": "7.1.2",
          "resolved": "https://registry.npmjs.org/glob/-/glob-7.1.2.tgz",
          "integrity": "sha512-MJTUg1kjuLeQCJ+ccE4Vpa6kKVXkPYJ2mOCQyUuKLcLQsdrMCpBPUi8qVE6+YuaJkozeA9NusTAw3hLr8Xe5EQ=="
        },
        "minimatch": {
          "version": "3.0.4",
          "resolved": "https://registry.npmjs.org/minimatch/-/minimatch-3.0.4.tgz",
          "integrity": "sha512-yJHVQEhyqPLUTgt9B83PXu6W3rx4MvvHvSUvToogpwoGDOUQ+yDrR0HRot+yOCdCO7u4hX3pWft6kWBBcqh0UA=="
        }
      }
    },
    "laravel-elixir-vue": {
      "version": "0.1.8",
      "resolved": "https://registry.npmjs.org/laravel-elixir-vue/-/laravel-elixir-vue-0.1.8.tgz",
      "integrity": "sha1-C7kK7hU2u051aFK+FAXz+uhp54s=",
      "dev": true
    },
    "laravel-elixir-webpack-official": {
      "version": "1.0.10",
      "resolved": "https://registry.npmjs.org/laravel-elixir-webpack-official/-/laravel-elixir-webpack-official-1.0.10.tgz",
      "integrity": "sha1-TtEuqM38cw/JN8Iw5A2eA0BeWBU=",
      "dev": true
    },
    "lodash": {
      "version": "4.17.21",
      "resolved": "https://registry.npmjs.org/lodash/-/lodash-4.17.21.tgz",
      "integrity": "sha512-v2kDEe57lecTulaDIuNTPy3Ry4gLGJ6Z1O3vE1krgXZNrsQ+LFTGHVxVjcXPs17LhbZVGedAJv8XZ1tvj5FvSg==",
      "dev": true
    },
    "vue": {
      "version": "1.0.28",
      "resolved": "https://registry.npmjs.org/vue/-/vue-1.0.28.tgz",
      "integrity": "sha1-7S/weyAL3hXIepDvhyfO6n04Vn0=",
      "dev": true
    },
    "vue-resource": {
      "version": "0.9.3",
      "resolved": "https://registry.npmjs.org/vue-resource/-/vue-resource-0.9.3.tgz",
      "integrity": "sha1-q0bhxE6iGRQtzCiuQEOzsEyAlZ0=",
      "dev": true
    }
  }
}
